
Microsoft Visual Studio Solution File, Format Version 12.00
# Visual Studio Version 17
VisualStudioVersion = 17.5.33516.290
MinimumVisualStudioVersion = 10.0.40219.1
Project("{9A19103F-16F7-4668-BE54-9A1E7A4F7556}") = "Service.Seller.APIs", "Service.Seller.APIs\Service.Seller.APIs.csproj", "{A174147F-E8BB-4790-BCBD-9565A1F44455}"
EndProject
Project("{9A19103F-16F7-4668-BE54-9A1E7A4F7556}") = "Service.Shared", "Service.Shared\Service.Shared.csproj", "{C13B8808-44F1-40C8-B297-149CDBA028B6}"
EndProject
Project("{9A19103F-16F7-4668-BE54-9A1E7A4F7556}") = "Service.UI", "Service.UI\Service.UI.csproj", "{95D9C916-C8BA-4B2E-B4A4-DC066936EC51}"
EndProject
Project("{9A19103F-16F7-4668-BE54-9A1E7A4F7556}") = "Service.FrontEnd.APIs", "Service.FrontEnd.APIs\Service.FrontEnd.APIs.csproj", "{065160DC-4718-45F9-9BA3-A9AA63495032}"
EndProject
Project("{FAE04EC0-301F-11D3-BF4B-00C04F79EFBC}") = "Service.Admin.APIs", "Service.Admin.APIs\Service.Admin.APIs.csproj", "{ED625B92-E9D4-4F65-AA23-F6F35B7782E8}"
EndProject
Global
	GlobalSection(SolutionConfigurationPlatforms) = preSolution
		Debug|Any CPU = Debug|Any CPU
		Release|Any CPU = Release|Any CPU
	EndGlobalSection
	GlobalSection(ProjectConfigurationPlatforms) = postSolution
		{A174147F-E8BB-4790-BCBD-9565A1F44455}.Debug|Any CPU.ActiveCfg = Debug|Any CPU
		{A174147F-E8BB-4790-BCBD-9565A1F44455}.Debug|Any CPU.Build.0 = Debug|Any CPU
		{A174147F-E8BB-4790-BCBD-9565A1F44455}.Release|Any CPU.ActiveCfg = Release|Any CPU
		{A174147F-E8BB-4790-BCBD-9565A1F44455}.Release|Any CPU.Build.0 = Release|Any CPU
		{C13B8808-44F1-40C8-B297-149CDBA028B6}.Debug|Any CPU.ActiveCfg = Debug|Any CPU
		{C13B8808-44F1-40C8-B297-149CDBA028B6}.Debug|Any CPU.Build.0 = Debug|Any CPU
		{C13B8808-44F1-40C8-B297-149CDBA028B6}.Release|Any CPU.ActiveCfg = Release|Any CPU
		{C13B8808-44F1-40C8-B297-149CDBA028B6}.Release|Any CPU.Build.0 = Release|Any CPU
		{95D9C916-C8BA-4B2E-B4A4-DC066936EC51}.Debug|Any CPU.ActiveCfg = Debug|Any CPU
		{95D9C916-C8BA-4B2E-B4A4-DC066936EC51}.Debug|Any CPU.Build.0 = Debug|Any CPU
		{95D9C916-C8BA-4B2E-B4A4-DC066936EC51}.Release|Any CPU.ActiveCfg = Release|Any CPU
		{95D9C916-C8BA-4B2E-B4A4-DC066936EC51}.Release|Any CPU.Build.0 = Release|Any CPU
		{065160DC-4718-45F9-9BA3-A9AA63495032}.Debug|Any CPU.ActiveCfg = Debug|Any CPU
		{065160DC-4718-45F9-9BA3-A9AA63495032}.Debug|Any CPU.Build.0 = Debug|Any CPU
		{065160DC-4718-45F9-9BA3-A9AA63495032}.Release|Any CPU.ActiveCfg = Release|Any CPU
		{065160DC-4718-45F9-9BA3-A9AA63495032}.Release|Any CPU.Build.0 = Release|Any CPU
		{ED625B92-E9D4-4F65-AA23-F6F35B7782E8}.Debug|Any CPU.ActiveCfg = Debug|Any CPU
		{ED625B92-E9D4-4F65-AA23-F6F35B7782E8}.Debug|Any CPU.Build.0 = Debug|Any CPU
		{ED625B92-E9D4-4F65-AA23-F6F35B7782E8}.Release|Any CPU.ActiveCfg = Release|Any CPU
		{ED625B92-E9D4-4F65-AA23-F6F35B7782E8}.Release|Any CPU.Build.0 = Release|Any CPU
	EndGlobalSection
	GlobalSection(SolutionProperties) = preSolution
		HideSolutionNode = FALSE
	EndGlobalSection
	GlobalSection(ExtensibilityGlobals) = postSolution
		SolutionGuid = {FD6DD9B6-6DE0-43E7-84D9-90B83039EC7B}
	EndGlobalSection
EndGlobal
